<?xml version="1.0" encoding="UTF-8"?>
<!DOCTYPE plist PUBLIC "-//Apple//DTD PLIST 1.0//EN" "http://www.apple.com/DTDs/PropertyList-1.0.dtd">
<plist version="1.0">
<dict>
	<key>archiveVersion</key>
	<string>1</string>
	<key>classes</key>
	<dict/>
	<key>objectVersion</key>
	<string>46</string>
	<key>objects</key>
	<dict>
		<key>080E96DDFE201D6D7F000001</key>
		<dict>
			<key>children</key>
			<array>
				<string>4CC89620119F0D1E00ED61B6</string>
				<string>4CC89602119F0CDE00ED61B6</string>
				<string>4CC8960C119F0CF000ED61B6</string>
			</array>
			<key>isa</key>
			<string>PBXGroup</string>
			<key>path</key>
			<string>Classes</string>
			<key>sourceTree</key>
			<string>&lt;group&gt;</string>
		</dict>
		<key>0A6D187551CEAF46473E49B5</key>
		<dict>
			<key>children</key>
			<array>
				<string>8F80ACCBA439573DC651CED5</string>
				<string>4154259BE2199F62EAD63DC6</string>
			</array>
			<key>isa</key>
			<string>PBXGroup</string>
			<key>name</key>
			<string>Pods</string>
			<key>sourceTree</key>
			<string>&lt;group&gt;</string>
		</dict>
		<key>0E510BD41860B71700111161</key>
		<dict>
			<key>isa</key>
			<string>PBXFileReference</string>
			<key>lastKnownFileType</key>
			<string>image.png</string>
			<key>path</key>
			<string>Default-568h@2x.png</string>
			<key>sourceTree</key>
			<string>&lt;group&gt;</string>
		</dict>
		<key>0E510BD51860B71700111161</key>
		<dict>
			<key>fileRef</key>
			<string>0E510BD41860B71700111161</string>
			<key>isa</key>
			<string>PBXBuildFile</string>
		</dict>
		<key>19C28FACFE9D520D11CA2CBB</key>
		<dict>
			<key>children</key>
			<array>
				<string>1D6058910D05DD3D006BFB54</string>
			</array>
			<key>isa</key>
			<string>PBXGroup</string>
			<key>name</key>
			<string>Products</string>
			<key>sourceTree</key>
			<string>&lt;group&gt;</string>
		</dict>
		<key>1D30AB110D05D00D00671497</key>
		<dict>
			<key>isa</key>
			<string>PBXFileReference</string>
			<key>lastKnownFileType</key>
			<string>wrapper.framework</string>
			<key>name</key>
			<string>Foundation.framework</string>
			<key>path</key>
			<string>System/Library/Frameworks/Foundation.framework</string>
			<key>sourceTree</key>
			<string>SDKROOT</string>
		</dict>
		<key>1D3623240D0F684500981E51</key>
		<dict>
			<key>fileEncoding</key>
			<string>4</string>
			<key>isa</key>
			<string>PBXFileReference</string>
			<key>lastKnownFileType</key>
			<string>sourcecode.c.h</string>
			<key>path</key>
			<string>MWFeedParserAppDelegate.h</string>
			<key>sourceTree</key>
			<string>&lt;group&gt;</string>
		</dict>
		<key>1D3623250D0F684500981E51</key>
		<dict>
			<key>fileEncoding</key>
			<string>4</string>
			<key>isa</key>
			<string>PBXFileReference</string>
			<key>lastKnownFileType</key>
			<string>sourcecode.c.objc</string>
			<key>path</key>
			<string>MWFeedParserAppDelegate.m</string>
			<key>sourceTree</key>
			<string>&lt;group&gt;</string>
		</dict>
		<key>1D3623260D0F684500981E51</key>
		<dict>
			<key>fileRef</key>
			<string>1D3623250D0F684500981E51</string>
			<key>isa</key>
			<string>PBXBuildFile</string>
		</dict>
		<key>1D60588D0D05DD3D006BFB54</key>
		<dict>
			<key>buildActionMask</key>
			<string>2147483647</string>
			<key>files</key>
			<array>
				<string>28AD73600D9D9599002E5188</string>
				<string>0E510BD51860B71700111161</string>
				<string>28F335F11007B36200424DE2</string>
				<string>4C661F8B125E50FA007F1792</string>
			</array>
			<key>isa</key>
			<string>PBXResourcesBuildPhase</string>
			<key>runOnlyForDeploymentPostprocessing</key>
			<string>0</string>
		</dict>
		<key>1D60588E0D05DD3D006BFB54</key>
		<dict>
			<key>buildActionMask</key>
			<string>2147483647</string>
			<key>files</key>
			<array>
				<string>1D60589B0D05DD56006BFB54</string>
				<string>1D3623260D0F684500981E51</string>
				<string>4CC89609119F0CED00ED61B6</string>
				<string>4CC8960A119F0CED00ED61B6</string>
				<string>4CC8960B119F0CED00ED61B6</string>
				<string>4CC8960F119F0CFB00ED61B6</string>
				<string>4CC89612119F0D0C00ED61B6</string>
				<string>4CAD0E1211DA03BD0086F5F8</string>
				<string>4C65F2EB12085ACE00606CFC</string>
				<string>4C65F318120863F800606CFC</string>
				<string>4C661F44125E3F2D007F1792</string>
			</array>
			<key>isa</key>
			<string>PBXSourcesBuildPhase</string>
			<key>runOnlyForDeploymentPostprocessing</key>
			<string>0</string>
		</dict>
		<key>1D60588F0D05DD3D006BFB54</key>
		<dict>
			<key>buildActionMask</key>
			<string>2147483647</string>
			<key>files</key>
			<array>
				<string>1D60589F0D05DD5A006BFB54</string>
				<string>1DF5F4E00D08C38300B7A737</string>
				<string>2892E4100DC94CBA00A64D0F</string>
				<string>BC5993E531E1027ADF64A534</string>
			</array>
			<key>isa</key>
			<string>PBXFrameworksBuildPhase</string>
			<key>runOnlyForDeploymentPostprocessing</key>
			<string>0</string>
		</dict>
		<key>1D6058900D05DD3D006BFB54</key>
		<dict>
			<key>buildConfigurationList</key>
			<string>1D6058960D05DD3E006BFB54</string>
			<key>buildPhases</key>
			<array>
				<string>2F2CCDF4F47BA6C3434F7EA9</string>
				<string>1D60588D0D05DD3D006BFB54</string>
				<string>1D60588E0D05DD3D006BFB54</string>
				<string>1D60588F0D05DD3D006BFB54</string>
				<string>B97D6DFA35D716D83FA3CC60</string>
			</array>
			<key>buildRules</key>
			<array/>
			<key>dependencies</key>
			<array/>
			<key>isa</key>
			<string>PBXNativeTarget</string>
			<key>name</key>
			<string>MWFeedParser</string>
			<key>productName</key>
			<string>MWFeedParser</string>
			<key>productReference</key>
			<string>1D6058910D05DD3D006BFB54</string>
			<key>productType</key>
			<string>com.apple.product-type.application</string>
		</dict>
		<key>1D6058910D05DD3D006BFB54</key>
		<dict>
			<key>explicitFileType</key>
			<string>wrapper.application</string>
			<key>includeInIndex</key>
			<string>0</string>
			<key>isa</key>
			<string>PBXFileReference</string>
			<key>path</key>
			<string>MWFeedParser.app</string>
			<key>sourceTree</key>
			<string>BUILT_PRODUCTS_DIR</string>
		</dict>
		<key>1D6058940D05DD3E006BFB54</key>
		<dict>
			<key>baseConfigurationReference</key>
			<string>8F80ACCBA439573DC651CED5</string>
			<key>buildSettings</key>
			<dict>
				<key>ALWAYS_SEARCH_USER_PATHS</key>
				<string>NO</string>
				<key>CLANG_ENABLE_OBJC_ARC</key>
				<string>YES</string>
				<key>COPY_PHASE_STRIP</key>
				<string>NO</string>
				<key>GCC_DYNAMIC_NO_PIC</key>
				<string>NO</string>
				<key>GCC_OPTIMIZATION_LEVEL</key>
				<string>0</string>
				<key>GCC_PRECOMPILE_PREFIX_HEADER</key>
				<string>YES</string>
				<key>GCC_PREFIX_HEADER</key>
				<string>MWFeedParser_Prefix.pch</string>
				<key>GCC_VERSION</key>
				<string>com.apple.compilers.llvm.clang.1_0</string>
				<key>INFOPLIST_FILE</key>
				<string>MWFeedParser-Info.plist</string>
				<key>PRODUCT_NAME</key>
				<string>MWFeedParser</string>
				<key>SDKROOT</key>
				<string>iphoneos</string>
				<key>VALIDATE_PRODUCT</key>
				<string>NO</string>
			</dict>
			<key>isa</key>
			<string>XCBuildConfiguration</string>
			<key>name</key>
			<string>Debug</string>
		</dict>
		<key>1D6058950D05DD3E006BFB54</key>
		<dict>
			<key>baseConfigurationReference</key>
			<string>4154259BE2199F62EAD63DC6</string>
			<key>buildSettings</key>
			<dict>
				<key>ALWAYS_SEARCH_USER_PATHS</key>
				<string>NO</string>
				<key>CLANG_ENABLE_OBJC_ARC</key>
				<string>YES</string>
				<key>COPY_PHASE_STRIP</key>
				<string>YES</string>
				<key>GCC_PRECOMPILE_PREFIX_HEADER</key>
				<string>YES</string>
				<key>GCC_PREFIX_HEADER</key>
				<string>MWFeedParser_Prefix.pch</string>
				<key>GCC_VERSION</key>
				<string>com.apple.compilers.llvm.clang.1_0</string>
				<key>INFOPLIST_FILE</key>
				<string>MWFeedParser-Info.plist</string>
				<key>PRODUCT_NAME</key>
				<string>MWFeedParser</string>
				<key>SDKROOT</key>
				<string>iphoneos</string>
				<key>VALIDATE_PRODUCT</key>
				<string>NO</string>
			</dict>
			<key>isa</key>
			<string>XCBuildConfiguration</string>
			<key>name</key>
			<string>Release</string>
		</dict>
		<key>1D6058960D05DD3E006BFB54</key>
		<dict>
			<key>buildConfigurations</key>
			<array>
				<string>1D6058940D05DD3E006BFB54</string>
				<string>1D6058950D05DD3E006BFB54</string>
			</array>
			<key>defaultConfigurationIsVisible</key>
			<string>0</string>
			<key>defaultConfigurationName</key>
			<string>Release</string>
			<key>isa</key>
			<string>XCConfigurationList</string>
		</dict>
		<key>1D60589B0D05DD56006BFB54</key>
		<dict>
			<key>fileRef</key>
			<string>29B97316FDCFA39411CA2CEA</string>
			<key>isa</key>
			<string>PBXBuildFile</string>
		</dict>
		<key>1D60589F0D05DD5A006BFB54</key>
		<dict>
			<key>fileRef</key>
			<string>1D30AB110D05D00D00671497</string>
			<key>isa</key>
			<string>PBXBuildFile</string>
		</dict>
		<key>1DF5F4DF0D08C38300B7A737</key>
		<dict>
			<key>isa</key>
			<string>PBXFileReference</string>
			<key>lastKnownFileType</key>
			<string>wrapper.framework</string>
			<key>name</key>
			<string>UIKit.framework</string>
			<key>path</key>
			<string>System/Library/Frameworks/UIKit.framework</string>
			<key>sourceTree</key>
			<string>SDKROOT</string>
		</dict>
		<key>1DF5F4E00D08C38300B7A737</key>
		<dict>
			<key>fileRef</key>
			<string>1DF5F4DF0D08C38300B7A737</string>
			<key>isa</key>
			<string>PBXBuildFile</string>
		</dict>
		<key>2892E40F0DC94CBA00A64D0F</key>
		<dict>
			<key>isa</key>
			<string>PBXFileReference</string>
			<key>lastKnownFileType</key>
			<string>wrapper.framework</string>
			<key>name</key>
			<string>CoreGraphics.framework</string>
			<key>path</key>
			<string>System/Library/Frameworks/CoreGraphics.framework</string>
			<key>sourceTree</key>
			<string>SDKROOT</string>
		</dict>
		<key>2892E4100DC94CBA00A64D0F</key>
		<dict>
			<key>fileRef</key>
			<string>2892E40F0DC94CBA00A64D0F</string>
			<key>isa</key>
			<string>PBXBuildFile</string>
		</dict>
		<key>28A0AAE50D9B0CCF005BE974</key>
		<dict>
			<key>fileEncoding</key>
			<string>4</string>
			<key>isa</key>
			<string>PBXFileReference</string>
			<key>lastKnownFileType</key>
			<string>sourcecode.c.h</string>
			<key>path</key>
			<string>MWFeedParser_Prefix.pch</string>
			<key>sourceTree</key>
			<string>&lt;group&gt;</string>
		</dict>
		<key>28AD735F0D9D9599002E5188</key>
		<dict>
			<key>isa</key>
			<string>PBXFileReference</string>
			<key>lastKnownFileType</key>
			<string>file.xib</string>
			<key>path</key>
			<string>MainWindow.xib</string>
			<key>sourceTree</key>
			<string>&lt;group&gt;</string>
		</dict>
		<key>28AD73600D9D9599002E5188</key>
		<dict>
			<key>fileRef</key>
			<string>28AD735F0D9D9599002E5188</string>
			<key>isa</key>
			<string>PBXBuildFile</string>
		</dict>
		<key>28F335F01007B36200424DE2</key>
		<dict>
			<key>isa</key>
			<string>PBXFileReference</string>
			<key>lastKnownFileType</key>
			<string>file.xib</string>
			<key>path</key>
			<string>RootViewController.xib</string>
			<key>sourceTree</key>
			<string>&lt;group&gt;</string>
		</dict>
		<key>28F335F11007B36200424DE2</key>
		<dict>
			<key>fileRef</key>
			<string>28F335F01007B36200424DE2</string>
			<key>isa</key>
			<string>PBXBuildFile</string>
		</dict>
		<key>29B97313FDCFA39411CA2CEA</key>
		<dict>
			<key>attributes</key>
			<dict>
				<key>LastUpgradeCheck</key>
				<string>0420</string>
				<key>ORGANIZATIONNAME</key>
				<string>Michael Waterfall</string>
			</dict>
			<key>buildConfigurationList</key>
			<string>C01FCF4E08A954540054247B</string>
			<key>compatibilityVersion</key>
			<string>Xcode 3.2</string>
			<key>developmentRegion</key>
			<string>English</string>
			<key>hasScannedForEncodings</key>
			<string>1</string>
			<key>isa</key>
			<string>PBXProject</string>
			<key>knownRegions</key>
			<array>
				<string>English</string>
				<string>Japanese</string>
				<string>French</string>
				<string>German</string>
				<string>en</string>
			</array>
			<key>mainGroup</key>
			<string>29B97314FDCFA39411CA2CEA</string>
			<key>projectDirPath</key>
			<string></string>
			<key>projectReferences</key>
			<array/>
			<key>projectRoot</key>
			<string></string>
			<key>targets</key>
			<array>
				<string>1D6058900D05DD3D006BFB54</string>
			</array>
		</dict>
		<key>29B97314FDCFA39411CA2CEA</key>
		<dict>
			<key>children</key>
			<array>
				<string>0E510BD41860B71700111161</string>
				<string>080E96DDFE201D6D7F000001</string>
				<string>29B97315FDCFA39411CA2CEA</string>
				<string>29B97317FDCFA39411CA2CEA</string>
				<string>29B97323FDCFA39411CA2CEA</string>
				<string>19C28FACFE9D520D11CA2CBB</string>
				<string>0A6D187551CEAF46473E49B5</string>
			</array>
			<key>isa</key>
			<string>PBXGroup</string>
			<key>name</key>
			<string>CustomTemplate</string>
			<key>sourceTree</key>
			<string>&lt;group&gt;</string>
		</dict>
		<key>29B97315FDCFA39411CA2CEA</key>
		<dict>
			<key>children</key>
			<array>
				<string>28A0AAE50D9B0CCF005BE974</string>
				<string>29B97316FDCFA39411CA2CEA</string>
			</array>
			<key>isa</key>
			<string>PBXGroup</string>
			<key>name</key>
			<string>Other Sources</string>
			<key>sourceTree</key>
			<string>&lt;group&gt;</string>
		</dict>
		<key>29B97316FDCFA39411CA2CEA</key>
		<dict>
			<key>fileEncoding</key>
			<string>4</string>
			<key>isa</key>
			<string>PBXFileReference</string>
			<key>lastKnownFileType</key>
			<string>sourcecode.c.objc</string>
			<key>path</key>
			<string>main.m</string>
			<key>sourceTree</key>
			<string>&lt;group&gt;</string>
		</dict>
		<key>29B97317FDCFA39411CA2CEA</key>
		<dict>
			<key>children</key>
			<array>
				<string>4C661F8A125E50FA007F1792</string>
				<string>28F335F01007B36200424DE2</string>
				<string>28AD735F0D9D9599002E5188</string>
				<string>8D1107310486CEB800E47090</string>
			</array>
			<key>isa</key>
			<string>PBXGroup</string>
			<key>name</key>
			<string>Resources</string>
			<key>sourceTree</key>
			<string>&lt;group&gt;</string>
		</dict>
		<key>29B97323FDCFA39411CA2CEA</key>
		<dict>
			<key>children</key>
			<array>
				<string>1DF5F4DF0D08C38300B7A737</string>
				<string>1D30AB110D05D00D00671497</string>
				<string>2892E40F0DC94CBA00A64D0F</string>
				<string>3CB75D2FA87E8C8B18352CAE</string>
			</array>
			<key>isa</key>
			<string>PBXGroup</string>
			<key>name</key>
			<string>Frameworks</string>
			<key>sourceTree</key>
			<string>&lt;group&gt;</string>
		</dict>
		<key>2F2CCDF4F47BA6C3434F7EA9</key>
		<dict>
			<key>buildActionMask</key>
			<string>2147483647</string>
			<key>files</key>
			<array/>
			<key>inputPaths</key>
			<array/>
			<key>isa</key>
			<string>PBXShellScriptBuildPhase</string>
			<key>name</key>
			<string>Check Pods Manifest.lock</string>
			<key>outputPaths</key>
			<array/>
			<key>runOnlyForDeploymentPostprocessing</key>
			<string>0</string>
			<key>shellPath</key>
			<string>/bin/sh</string>
			<key>shellScript</key>
			<string>diff "${PODS_ROOT}/../Podfile.lock" "${PODS_ROOT}/Manifest.lock" &gt; /dev/null
if [[ $? != 0 ]] ; then
    cat &lt;&lt; EOM
error: The sandbox is not in sync with the Podfile.lock. Run 'pod install' or update your CocoaPods installation.
EOM
    exit 1
fi
</string>
			<key>showEnvVarsInLog</key>
			<string>0</string>
		</dict>
		<key>3CB75D2FA87E8C8B18352CAE</key>
		<dict>
			<key>explicitFileType</key>
			<string>archive.ar</string>
			<key>includeInIndex</key>
			<string>0</string>
			<key>isa</key>
			<string>PBXFileReference</string>
			<key>path</key>
			<string>libPods.a</string>
			<key>sourceTree</key>
			<string>BUILT_PRODUCTS_DIR</string>
		</dict>
		<key>4154259BE2199F62EAD63DC6</key>
		<dict>
			<key>includeInIndex</key>
			<string>1</string>
			<key>isa</key>
			<string>PBXFileReference</string>
			<key>lastKnownFileType</key>
			<string>text.xcconfig</string>
			<key>name</key>
			<string>Pods.release.xcconfig</string>
			<key>path</key>
			<string>Pods/Target Support Files/Pods/Pods.release.xcconfig</string>
			<key>sourceTree</key>
			<string>&lt;group&gt;</string>
		</dict>
		<key>4C65F2E912085ACE00606CFC</key>
		<dict>
			<key>fileEncoding</key>
			<string>4</string>
			<key>isa</key>
			<string>PBXFileReference</string>
			<key>lastKnownFileType</key>
			<string>sourcecode.c.h</string>
			<key>path</key>
			<string>GTMNSString+HTML.h</string>
			<key>sourceTree</key>
			<string>&lt;group&gt;</string>
		</dict>
		<key>4C65F2EA12085ACE00606CFC</key>
		<dict>
			<key>fileEncoding</key>
			<string>4</string>
			<key>isa</key>
			<string>PBXFileReference</string>
			<key>lastKnownFileType</key>
			<string>sourcecode.c.objc</string>
			<key>path</key>
			<string>GTMNSString+HTML.m</string>
			<key>sourceTree</key>
			<string>&lt;group&gt;</string>
		</dict>
		<key>4C65F2EB12085ACE00606CFC</key>
		<dict>
			<key>fileRef</key>
			<string>4C65F2EA12085ACE00606CFC</string>
			<key>isa</key>
			<string>PBXBuildFile</string>
		</dict>
		<key>4C65F30F12085FF400606CFC</key>
		<dict>
			<key>children</key>
			<array>
				<string>4C65F2E912085ACE00606CFC</string>
				<string>4C65F2EA12085ACE00606CFC</string>
			</array>
			<key>isa</key>
			<string>PBXGroup</string>
			<key>name</key>
			<string>Google Toolbox for Mac</string>
			<key>sourceTree</key>
			<string>&lt;group&gt;</string>
		</dict>
		<key>4C65F3151208638600606CFC</key>
		<dict>
			<key>children</key>
			<array>
				<string>4CC8960D119F0CFB00ED61B6</string>
				<string>4CC8960E119F0CFB00ED61B6</string>
			</array>
			<key>isa</key>
			<string>PBXGroup</string>
			<key>name</key>
			<string>Depreciated</string>
			<key>sourceTree</key>
			<string>&lt;group&gt;</string>
		</dict>
		<key>4C65F316120863F800606CFC</key>
		<dict>
			<key>fileEncoding</key>
			<string>4</string>
			<key>isa</key>
			<string>PBXFileReference</string>
			<key>lastKnownFileType</key>
			<string>sourcecode.c.h</string>
			<key>path</key>
			<string>NSString+HTML.h</string>
			<key>sourceTree</key>
			<string>&lt;group&gt;</string>
		</dict>
		<key>4C65F317120863F800606CFC</key>
		<dict>
			<key>fileEncoding</key>
			<string>4</string>
			<key>isa</key>
			<string>PBXFileReference</string>
			<key>lastKnownFileType</key>
			<string>sourcecode.c.objc</string>
			<key>path</key>
			<string>NSString+HTML.m</string>
			<key>sourceTree</key>
			<string>&lt;group&gt;</string>
		</dict>
		<key>4C65F318120863F800606CFC</key>
		<dict>
			<key>fileRef</key>
			<string>4C65F317120863F800606CFC</string>
			<key>isa</key>
			<string>PBXBuildFile</string>
		</dict>
		<key>4C661F42125E3F2D007F1792</key>
		<dict>
			<key>fileEncoding</key>
			<string>4</string>
			<key>isa</key>
			<string>PBXFileReference</string>
			<key>lastKnownFileType</key>
			<string>sourcecode.c.h</string>
			<key>path</key>
			<string>NSDate+InternetDateTime.h</string>
			<key>sourceTree</key>
			<string>&lt;group&gt;</string>
		</dict>
		<key>4C661F43125E3F2D007F1792</key>
		<dict>
			<key>fileEncoding</key>
			<string>4</string>
			<key>isa</key>
			<string>PBXFileReference</string>
			<key>lastKnownFileType</key>
			<string>sourcecode.c.objc</string>
			<key>path</key>
			<string>NSDate+InternetDateTime.m</string>
			<key>sourceTree</key>
			<string>&lt;group&gt;</string>
		</dict>
		<key>4C661F44125E3F2D007F1792</key>
		<dict>
			<key>fileRef</key>
			<string>4C661F43125E3F2D007F1792</string>
			<key>isa</key>
			<string>PBXBuildFile</string>
		</dict>
		<key>4C661F8A125E50FA007F1792</key>
		<dict>
			<key>isa</key>
			<string>PBXFileReference</string>
			<key>lastKnownFileType</key>
			<string>image.png</string>
			<key>path</key>
			<string>Icon.png</string>
			<key>sourceTree</key>
			<string>&lt;group&gt;</string>
		</dict>
		<key>4C661F8B125E50FA007F1792</key>
		<dict>
			<key>fileRef</key>
			<string>4C661F8A125E50FA007F1792</string>
			<key>isa</key>
			<string>PBXBuildFile</string>
		</dict>
		<key>4CAA79C911A406890009078E</key>
		<dict>
			<key>fileEncoding</key>
			<string>4</string>
			<key>isa</key>
			<string>PBXFileReference</string>
			<key>lastKnownFileType</key>
			<string>sourcecode.c.h</string>
			<key>path</key>
			<string>MWFeedParser_Private.h</string>
			<key>sourceTree</key>
			<string>&lt;group&gt;</string>
		</dict>
		<key>4CAD0E1011DA03BD0086F5F8</key>
		<dict>
			<key>fileEncoding</key>
			<string>4</string>
			<key>isa</key>
			<string>PBXFileReference</string>
			<key>lastKnownFileType</key>
			<string>sourcecode.c.h</string>
			<key>path</key>
			<string>DetailTableViewController.h</string>
			<key>sourceTree</key>
			<string>&lt;group&gt;</string>
		</dict>
		<key>4CAD0E1111DA03BD0086F5F8</key>
		<dict>
			<key>fileEncoding</key>
			<string>4</string>
			<key>isa</key>
			<string>PBXFileReference</string>
			<key>lastKnownFileType</key>
			<string>sourcecode.c.objc</string>
			<key>path</key>
			<string>DetailTableViewController.m</string>
			<key>sourceTree</key>
			<string>&lt;group&gt;</string>
		</dict>
		<key>4CAD0E1211DA03BD0086F5F8</key>
		<dict>
			<key>fileRef</key>
			<string>4CAD0E1111DA03BD0086F5F8</string>
			<key>isa</key>
			<string>PBXBuildFile</string>
		</dict>
		<key>4CC89602119F0CDE00ED61B6</key>
		<dict>
			<key>children</key>
			<array>
				<string>4CC89603119F0CED00ED61B6</string>
				<string>4CAA79C911A406890009078E</string>
				<string>4CC89604119F0CED00ED61B6</string>
				<string>4CC89605119F0CED00ED61B6</string>
				<string>4CC89606119F0CED00ED61B6</string>
				<string>4CC89607119F0CED00ED61B6</string>
				<string>4CC89608119F0CED00ED61B6</string>
			</array>
			<key>isa</key>
			<string>PBXGroup</string>
			<key>name</key>
			<string>MWFeedParser</string>
			<key>sourceTree</key>
			<string>&lt;group&gt;</string>
		</dict>
		<key>4CC89603119F0CED00ED61B6</key>
		<dict>
			<key>fileEncoding</key>
			<string>4</string>
			<key>isa</key>
			<string>PBXFileReference</string>
			<key>lastKnownFileType</key>
			<string>sourcecode.c.h</string>
			<key>path</key>
			<string>MWFeedParser.h</string>
			<key>sourceTree</key>
			<string>&lt;group&gt;</string>
		</dict>
		<key>4CC89604119F0CED00ED61B6</key>
		<dict>
			<key>fileEncoding</key>
			<string>4</string>
			<key>isa</key>
			<string>PBXFileReference</string>
			<key>lastKnownFileType</key>
			<string>sourcecode.c.objc</string>
			<key>path</key>
			<string>MWFeedParser.m</string>
			<key>sourceTree</key>
			<string>&lt;group&gt;</string>
		</dict>
		<key>4CC89605119F0CED00ED61B6</key>
		<dict>
			<key>fileEncoding</key>
			<string>4</string>
			<key>isa</key>
			<string>PBXFileReference</string>
			<key>lastKnownFileType</key>
			<string>sourcecode.c.h</string>
			<key>path</key>
			<string>MWFeedInfo.h</string>
			<key>sourceTree</key>
			<string>&lt;group&gt;</string>
		</dict>
		<key>4CC89606119F0CED00ED61B6</key>
		<dict>
			<key>fileEncoding</key>
			<string>4</string>
			<key>isa</key>
			<string>PBXFileReference</string>
			<key>lastKnownFileType</key>
			<string>sourcecode.c.objc</string>
			<key>path</key>
			<string>MWFeedInfo.m</string>
			<key>sourceTree</key>
			<string>&lt;group&gt;</string>
		</dict>
		<key>4CC89607119F0CED00ED61B6</key>
		<dict>
			<key>fileEncoding</key>
			<string>4</string>
			<key>isa</key>
			<string>PBXFileReference</string>
			<key>lastKnownFileType</key>
			<string>sourcecode.c.h</string>
			<key>path</key>
			<string>MWFeedItem.h</string>
			<key>sourceTree</key>
			<string>&lt;group&gt;</string>
		</dict>
		<key>4CC89608119F0CED00ED61B6</key>
		<dict>
			<key>fileEncoding</key>
			<string>4</string>
			<key>isa</key>
			<string>PBXFileReference</string>
			<key>lastKnownFileType</key>
			<string>sourcecode.c.objc</string>
			<key>path</key>
			<string>MWFeedItem.m</string>
			<key>sourceTree</key>
			<string>&lt;group&gt;</string>
		</dict>
		<key>4CC89609119F0CED00ED61B6</key>
		<dict>
			<key>fileRef</key>
			<string>4CC89604119F0CED00ED61B6</string>
			<key>isa</key>
			<string>PBXBuildFile</string>
		</dict>
		<key>4CC8960A119F0CED00ED61B6</key>
		<dict>
			<key>fileRef</key>
			<string>4CC89606119F0CED00ED61B6</string>
			<key>isa</key>
			<string>PBXBuildFile</string>
		</dict>
		<key>4CC8960B119F0CED00ED61B6</key>
		<dict>
			<key>fileRef</key>
			<string>4CC89608119F0CED00ED61B6</string>
			<key>isa</key>
			<string>PBXBuildFile</string>
		</dict>
		<key>4CC8960C119F0CF000ED61B6</key>
		<dict>
			<key>children</key>
			<array>
				<string>4C65F316120863F800606CFC</string>
				<string>4C65F317120863F800606CFC</string>
				<string>4C661F42125E3F2D007F1792</string>
				<string>4C661F43125E3F2D007F1792</string>
				<string>4C65F30F12085FF400606CFC</string>
				<string>4C65F3151208638600606CFC</string>
			</array>
			<key>isa</key>
			<string>PBXGroup</string>
			<key>name</key>
			<string>Categories</string>
			<key>sourceTree</key>
			<string>&lt;group&gt;</string>
		</dict>
		<key>4CC8960D119F0CFB00ED61B6</key>
		<dict>
			<key>fileEncoding</key>
			<string>4</string>
			<key>isa</key>
			<string>PBXFileReference</string>
			<key>lastKnownFileType</key>
			<string>sourcecode.c.h</string>
			<key>path</key>
			<string>NSString+XMLEntities.h</string>
			<key>sourceTree</key>
			<string>&lt;group&gt;</string>
		</dict>
		<key>4CC8960E119F0CFB00ED61B6</key>
		<dict>
			<key>fileEncoding</key>
			<string>4</string>
			<key>isa</key>
			<string>PBXFileReference</string>
			<key>lastKnownFileType</key>
			<string>sourcecode.c.objc</string>
			<key>path</key>
			<string>NSString+XMLEntities.m</string>
			<key>sourceTree</key>
			<string>&lt;group&gt;</string>
		</dict>
		<key>4CC8960F119F0CFB00ED61B6</key>
		<dict>
			<key>fileRef</key>
			<string>4CC8960E119F0CFB00ED61B6</string>
			<key>isa</key>
			<string>PBXBuildFile</string>
		</dict>
		<key>4CC89610119F0D0C00ED61B6</key>
		<dict>
			<key>fileEncoding</key>
			<string>4</string>
			<key>isa</key>
			<string>PBXFileReference</string>
			<key>lastKnownFileType</key>
			<string>sourcecode.c.h</string>
			<key>path</key>
			<string>RootViewController.h</string>
			<key>sourceTree</key>
			<string>&lt;group&gt;</string>
		</dict>
		<key>4CC89611119F0D0C00ED61B6</key>
		<dict>
			<key>fileEncoding</key>
			<string>4</string>
			<key>isa</key>
			<string>PBXFileReference</string>
			<key>lastKnownFileType</key>
			<string>sourcecode.c.objc</string>
			<key>path</key>
			<string>RootViewController.m</string>
			<key>sourceTree</key>
			<string>&lt;group&gt;</string>
		</dict>
		<key>4CC89612119F0D0C00ED61B6</key>
		<dict>
			<key>fileRef</key>
			<string>4CC89611119F0D0C00ED61B6</string>
			<key>isa</key>
			<string>PBXBuildFile</string>
		</dict>
		<key>4CC89620119F0D1E00ED61B6</key>
		<dict>
			<key>children</key>
			<array>
				<string>1D3623240D0F684500981E51</string>
				<string>1D3623250D0F684500981E51</string>
				<string>4CC89610119F0D0C00ED61B6</string>
				<string>4CC89611119F0D0C00ED61B6</string>
				<string>4CAD0E1011DA03BD0086F5F8</string>
				<string>4CAD0E1111DA03BD0086F5F8</string>
			</array>
			<key>isa</key>
			<string>PBXGroup</string>
			<key>name</key>
			<string>App</string>
			<key>sourceTree</key>
			<string>&lt;group&gt;</string>
		</dict>
		<key>8D1107310486CEB800E47090</key>
		<dict>
			<key>fileEncoding</key>
			<string>4</string>
			<key>isa</key>
			<string>PBXFileReference</string>
			<key>lastKnownFileType</key>
			<string>text.plist.xml</string>
			<key>path</key>
			<string>MWFeedParser-Info.plist</string>
			<key>plistStructureDefinitionIdentifier</key>
			<string>com.apple.xcode.plist.structure-definition.iphone.info-plist</string>
			<key>sourceTree</key>
			<string>&lt;group&gt;</string>
		</dict>
		<key>8F80ACCBA439573DC651CED5</key>
		<dict>
			<key>includeInIndex</key>
			<string>1</string>
			<key>isa</key>
			<string>PBXFileReference</string>
			<key>lastKnownFileType</key>
			<string>text.xcconfig</string>
			<key>name</key>
			<string>Pods.debug.xcconfig</string>
			<key>path</key>
			<string>Pods/Target Support Files/Pods/Pods.debug.xcconfig</string>
			<key>sourceTree</key>
			<string>&lt;group&gt;</string>
		</dict>
		<key>B97D6DFA35D716D83FA3CC60</key>
		<dict>
			<key>buildActionMask</key>
			<string>2147483647</string>
			<key>files</key>
			<array/>
			<key>inputPaths</key>
			<array/>
			<key>isa</key>
			<string>PBXShellScriptBuildPhase</string>
			<key>name</key>
			<string>Copy Pods Resources</string>
			<key>outputPaths</key>
			<array/>
			<key>runOnlyForDeploymentPostprocessing</key>
			<string>0</string>
			<key>shellPath</key>
			<string>/bin/sh</string>
			<key>shellScript</key>
			<string>"${SRCROOT}/Pods/Target Support Files/Pods/Pods-resources.sh"
</string>
			<key>showEnvVarsInLog</key>
			<string>0</string>
		</dict>
		<key>BC5993E531E1027ADF64A534</key>
		<dict>
			<key>fileRef</key>
			<string>3CB75D2FA87E8C8B18352CAE</string>
			<key>isa</key>
			<string>PBXBuildFile</string>
		</dict>
		<key>C01FCF4E08A954540054247B</key>
		<dict>
			<key>buildConfigurations</key>
			<array>
				<string>C01FCF4F08A954540054247B</string>
				<string>C01FCF5008A954540054247B</string>
			</array>
			<key>defaultConfigurationIsVisible</key>
			<string>0</string>
			<key>defaultConfigurationName</key>
			<string>Release</string>
			<key>isa</key>
			<string>XCConfigurationList</string>
		</dict>
		<key>C01FCF4F08A954540054247B</key>
		<dict>
			<key>buildSettings</key>
			<dict>
				<key>ARCHS</key>
				<string>$(ARCHS_STANDARD_INCLUDING_64_BIT)</string>
				<key>CLANG_ENABLE_OBJC_ARC</key>
				<string>NO</string>
				<key>CODE_SIGN_IDENTITY</key>
				<string></string>
				<key>GCC_C_LANGUAGE_STANDARD</key>
				<string>c99</string>
				<key>GCC_VERSION</key>
				<string>com.apple.compilers.llvmgcc42</string>
				<key>GCC_WARN_ABOUT_RETURN_TYPE</key>
				<string>YES</string>
				<key>GCC_WARN_UNUSED_VARIABLE</key>
				<string>YES</string>
				<key>IPHONEOS_DEPLOYMENT_TARGET</key>
				<string>5.1.1</string>
				<key>ONLY_ACTIVE_ARCH</key>
				<string>YES</string>
				<key>SDKROOT</key>
				<string>iphoneos</string>
			</dict>
			<key>isa</key>
			<string>XCBuildConfiguration</string>
			<key>name</key>
			<string>Debug</string>
		</dict>
		<key>C01FCF5008A954540054247B</key>
		<dict>
			<key>buildSettings</key>
			<dict>
				<key>ARCHS</key>
				<string>$(ARCHS_STANDARD_INCLUDING_64_BIT)</string>
				<key>CLANG_ENABLE_OBJC_ARC</key>
				<string>NO</string>
				<key>CODE_SIGN_IDENTITY</key>
				<string></string>
				<key>GCC_C_LANGUAGE_STANDARD</key>
				<string>c99</string>
				<key>GCC_VERSION</key>
				<string>com.apple.compilers.llvmgcc42</string>
				<key>GCC_WARN_ABOUT_RETURN_TYPE</key>
				<string>YES</string>
				<key>GCC_WARN_UNUSED_VARIABLE</key>
				<string>YES</string>
				<key>IPHONEOS_DEPLOYMENT_TARGET</key>
				<string>5.1.1</string>
				<key>OTHER_CFLAGS</key>
				<string>-DNS_BLOCK_ASSERTIONS=1</string>
				<key>SDKROOT</key>
				<string>iphoneos</string>
			</dict>
			<key>isa</key>
			<string>XCBuildConfiguration</string>
			<key>name</key>
			<string>Release</string>
		</dict>
	</dict>
	<key>rootObject</key>
	<string>29B97313FDCFA39411CA2CEA</string>
</dict>
</plist>
